
Microsoft Visual Studio Solution File, Format Version 12.00
# Visual Studio 14
VisualStudioVersion = 14.0.25123.0
MinimumVisualStudioVersion = 10.0.40219.1
Project("{FAE04EC0-301F-11D3-BF4B-00C04F79EFBC}") = "PV178.Homeworks.HW02", "PV178.Homeworks.HW02\PV178.Homeworks.HW02.csproj", "{568C3541-F43E-45D4-A5C6-74C8871ABF8A}"
EndProject
Project("{FAE04EC0-301F-11D3-BF4B-00C04F79EFBC}") = "PV178.Homeworks.HW02.Tests", "PV178.Homeworks.HW02.Tests\PV178.Homeworks.HW02.Tests.csproj", "{2F68B7E5-9462-4651-AE97-258D740179B0}"
EndProject
Global
	GlobalSection(SolutionConfigurationPlatforms) = preSolution
		Debug|Any CPU = Debug|Any CPU
		Release|Any CPU = Release|Any CPU
	EndGlobalSection
	GlobalSection(ProjectConfigurationPlatforms) = postSolution
		{568C3541-F43E-45D4-A5C6-74C8871ABF8A}.Debug|Any CPU.ActiveCfg = Debug|Any CPU
		{568C3541-F43E-45D4-A5C6-74C8871ABF8A}.Debug|Any CPU.Build.0 = Debug|Any CPU
		{568C3541-F43E-45D4-A5C6-74C8871ABF8A}.Release|Any CPU.ActiveCfg = Release|Any CPU
		{568C3541-F43E-45D4-A5C6-74C8871ABF8A}.Release|Any CPU.Build.0 = Release|Any CPU
		{2F68B7E5-9462-4651-AE97-258D740179B0}.Debug|Any CPU.ActiveCfg = Debug|Any CPU
		{2F68B7E5-9462-4651-AE97-258D740179B0}.Debug|Any CPU.Build.0 = Debug|Any CPU
		{2F68B7E5-9462-4651-AE97-258D740179B0}.Release|Any CPU.ActiveCfg = Release|Any CPU
		{2F68B7E5-9462-4651-AE97-258D740179B0}.Release|Any CPU.Build.0 = Release|Any CPU
	EndGlobalSection
	GlobalSection(SolutionProperties) = preSolution
		HideSolutionNode = FALSE
	EndGlobalSection
EndGlobal
